{
  "name": "songs",
  "version": "1.0.0",
  "lockfileVersion": 1,
  "requires": true,
  "dependencies": {
    "midi": {
      "version": "0.9.5",
      "resolved": "https://registry.npmjs.org/midi/-/midi-0.9.5.tgz",
      "integrity": "sha1-/DI6/z6BsNQJnK7q1TW6Z5xunYg=",
      "requires": {
        "bindings": "1.2.1",
        "nan": "2.11.0"
      },
      "dependencies": {
        "bindings": {
          "version": "1.2.1",
          "resolved": "https://registry.npmjs.org/bindings/-/bindings-1.2.1.tgz",
          "integrity": "sha1-FK1hE4EtLTfXLme0ystLtyZQXxE="
        },
        "nan": {
          "version": "2.11.0",
          "resolved": "https://registry.npmjs.org/nan/-/nan-2.11.0.tgz",
          "integrity": "sha512-F4miItu2rGnV2ySkXOQoA8FKz/SR2Q2sWP0sbTxNxz/tuokeC8WxOhPMcwi0qIyGtVn/rrSeLbvVkznqCdwYnw=="
        }
      }
    },
    "midi-api": {
      "version": "0.2.0",
      "resolved": "https://registry.npmjs.org/midi-api/-/midi-api-0.2.0.tgz",
      "integrity": "sha1-aN1aQi/yHunmNmmHQIugXkTkkQw=",
      "requires": {
        "through": "1.0.0"
      }
    },
    "through": {
      "version": "1.0.0",
      "resolved": "https://registry.npmjs.org/through/-/through-1.0.0.tgz",
      "integrity": "sha1-6JBAQfYfqA/RAwfdFyEyjBZfAkw="
    }
  }
}
